
Microsoft Visual Studio Solution File, Format Version 12.00
# Visual Studio 15
VisualStudioVersion = 15.0.27703.2035
MinimumVisualStudioVersion = 10.0.40219.1
Project("{FAE04EC0-301F-11D3-BF4B-00C04F79EFBC}") = "AspNetLearning", "AspNetLearning\AspNetLearning.csproj", "{5CC5B9E0-C4ED-43B2-8313-FD0597A27115}"
EndProject
Project("{FAE04EC0-301F-11D3-BF4B-00C04F79EFBC}") = "AspNetLearningTests", "AspNetLearningTests\AspNetLearningTests.csproj", "{4EA5CF09-E352-464A-A9DD-F992BB4FAEEE}"
EndProject
Global
	GlobalSection(SolutionConfigurationPlatforms) = preSolution
		Debug|Any CPU = Debug|Any CPU
		Release|Any CPU = Release|Any CPU
	EndGlobalSection
	GlobalSection(ProjectConfigurationPlatforms) = postSolution
		{5CC5B9E0-C4ED-43B2-8313-FD0597A27115}.Debug|Any CPU.ActiveCfg = Debug|Any CPU
		{5CC5B9E0-C4ED-43B2-8313-FD0597A27115}.Debug|Any CPU.Build.0 = Debug|Any CPU
		{5CC5B9E0-C4ED-43B2-8313-FD0597A27115}.Release|Any CPU.ActiveCfg = Release|Any CPU
		{5CC5B9E0-C4ED-43B2-8313-FD0597A27115}.Release|Any CPU.Build.0 = Release|Any CPU
		{4EA5CF09-E352-464A-A9DD-F992BB4FAEEE}.Debug|Any CPU.ActiveCfg = Debug|Any CPU
		{4EA5CF09-E352-464A-A9DD-F992BB4FAEEE}.Debug|Any CPU.Build.0 = Debug|Any CPU
		{4EA5CF09-E352-464A-A9DD-F992BB4FAEEE}.Release|Any CPU.ActiveCfg = Release|Any CPU
		{4EA5CF09-E352-464A-A9DD-F992BB4FAEEE}.Release|Any CPU.Build.0 = Release|Any CPU
	EndGlobalSection
	GlobalSection(SolutionProperties) = preSolution
		HideSolutionNode = FALSE
	EndGlobalSection
	GlobalSection(ExtensibilityGlobals) = postSolution
		SolutionGuid = {251ABF11-E5CD-48C4-A321-F7E3ACF67CBC}
	EndGlobalSection
EndGlobal
